{
  "name": "Test1",
  "version": "3.0.0",
  "lockfileVersion": 3,
  "requires": true,
  "packages": {
    "": {
      "name": "Test1",
      "version": "3.0.0",
      "dependencies": {
        "cnchar": "^3.2.6",
        "cnchar-code": "^3.2.6",
        "cnchar-draw": "^3.2.6",
        "cnchar-explain": "^3.2.6",
        "cnchar-idiom": "^3.2.6",
        "cnchar-info": "^3.2.6",
        "cnchar-input": "^3.2.6",
        "cnchar-name": "^3.2.6",
        "cnchar-order": "^3.2.6",
        "cnchar-poly": "^3.2.6",
        "cnchar-radical": "^3.2.6",
        "cnchar-random": "^3.2.6",
        "cnchar-trad": "^3.2.6",
        "cnchar-voice": "^3.2.6",
        "cnchar-words": "^3.2.6",
        "cnchar-xhy": "^3.2.6",
        "hanzi-writer": "^3.7.0"
      },
      "devDependencies": {
        "@types/node": "^22.5.5"
      }
    },
    "node_modules/@types/node": {
      "version": "22.5.5",
      "resolved": "https://registry.npmjs.org/@types/node/-/node-22.5.5.tgz",
      "integrity": "sha512-Xjs4y5UPO/CLdzpgR6GirZJx36yScjh73+2NlLlkFRSoQN8B0DpfXPdZGnvVmLRLOsqDpOfTNv7D9trgGhmOIA==",
      "dev": true,
      "dependencies": {
        "undici-types": "~6.19.2"
      }
    },
    "node_modules/cnchar": {
      "version": "3.2.6",
      "resolved": "https://registry.npmjs.org/cnchar/-/cnchar-3.2.6.tgz",
      "integrity": "sha512-7Up5ALAkoOTAHlRMN0B7VgrrRsp6+trgFV0M7xSsZ0TwnnBfW68gXClcE9Oz8sTOEu+zqGOZjBhlHNzPIBckDA==",
      "dependencies": {
        "cnchar-types": "^3.2.6"
      }
    },
    "node_modules/cnchar-code": {
      "version": "3.2.6",
      "resolved": "https://registry.npmjs.org/cnchar-code/-/cnchar-code-3.2.6.tgz",
      "integrity": "sha512-ILuTXBNhHp1ydBlQzqHta10LAgNHCIx3UU49E8FH1/buQyH5/DU0B65pnunjQ4tpdh9ZMZsGlm815atHOfUoTg==",
      "dependencies": {
        "cnchar-types": "^3.2.6"
      }
    },
    "node_modules/cnchar-draw": {
      "version": "3.2.6",
      "resolved": "https://registry.npmjs.org/cnchar-draw/-/cnchar-draw-3.2.6.tgz",
      "integrity": "sha512-Rlfl8XkCZIDLZ/acOTdgpQCy7H+yhEFHXZVqCJ2V8080S9ROgVHUGSXaBa7x7lvKuxwArlR70kkMEEF1Md1SPw==",
      "dependencies": {
        "cnchar-types": "^3.2.6"
      }
    },
    "node_modules/cnchar-explain": {
      "version": "3.2.6",
      "resolved": "https://registry.npmjs.org/cnchar-explain/-/cnchar-explain-3.2.6.tgz",
      "integrity": "sha512-nPUeeBIizArPdiWzvRXZJl0JQikD5C5V4TYJFT1gVWHQKvT4O4gOAn+tCLapmZu4yJ6evWIaPvsV6V9Dh3c9EQ==",
      "dependencies": {
        "cnchar-types": "^3.2.6"
      }
    },
    "node_modules/cnchar-idiom": {
      "version": "3.2.6",
      "resolved": "https://registry.npmjs.org/cnchar-idiom/-/cnchar-idiom-3.2.6.tgz",
      "integrity": "sha512-cBvvfjGHtKMY4Roon+oymvbnGPTZ5zR3sRisR3WPc14f1nsmbHL5LJ53lXNfjNSxeUq4l8yQ6QHIZHk2MdQByg==",
      "dependencies": {
        "cnchar-types": "^3.2.6"
      }
    },
    "node_modules/cnchar-info": {
      "version": "3.2.6",
      "resolved": "https://registry.npmjs.org/cnchar-info/-/cnchar-info-3.2.6.tgz",
      "integrity": "sha512-BRdXjnCnQukjO5qPenvpdUoE64tGtDjpTWpPHf7qwbELbWWrIuVm+swWO4FjedJE2d2c0ozkhBcY3E7JdhMh8w==",
      "dependencies": {
        "cnchar-types": "^3.2.6"
      }
    },
    "node_modules/cnchar-input": {
      "version": "3.2.6",
      "resolved": "https://registry.npmjs.org/cnchar-input/-/cnchar-input-3.2.6.tgz",
      "integrity": "sha512-EGXwIjr4BpK5DhSa2t2FGa2KSy0uEBhSXOKbrfjkL/lKmlsrBLVEAbJ12LwkLzmnBnVJJQt6KvIJSCXdr6pOXQ==",
      "dependencies": {
        "cnchar-types": "^3.2.6"
      }
    },
    "node_modules/cnchar-name": {
      "version": "3.2.6",
      "resolved": "https://registry.npmjs.org/cnchar-name/-/cnchar-name-3.2.6.tgz",
      "integrity": "sha512-EyaR4osWUXCeVpxmGaIjae9xf5FQvEEFDsv2frB+H/HLTJyLy2oFi7x1wT43UoWOLhyNk+Hhhob9/wxyiCucoQ==",
      "dependencies": {
        "cnchar-types": "^3.2.6"
      }
    },
    "node_modules/cnchar-order": {
      "version": "3.2.6",
      "resolved": "https://registry.npmjs.org/cnchar-order/-/cnchar-order-3.2.6.tgz",
      "integrity": "sha512-xeW1MnQk9GLW9rOvgTtBLl9amyJ0MBKAuXGgbiAwC/n1MRLoxW4ZnjPL+isVsi0rV3QXlbiDQQKAnL6TsJNLhA==",
      "dependencies": {
        "cnchar-types": "^3.2.6"
      }
    },
    "node_modules/cnchar-poly": {
      "version": "3.2.6",
      "resolved": "https://registry.npmjs.org/cnchar-poly/-/cnchar-poly-3.2.6.tgz",
      "integrity": "sha512-CF0WA5S/OTvuY2gBPTgnMPCfte/Hk5od22zK9J3B7VzMZfzdH01Bs0+9xl2xLsObEE6UUg3dvqwDR5ozkFZM7A==",
      "dependencies": {
        "cnchar-types": "^3.2.6"
      }
    },
    "node_modules/cnchar-radical": {
      "version": "3.2.6",
      "resolved": "https://registry.npmjs.org/cnchar-radical/-/cnchar-radical-3.2.6.tgz",
      "integrity": "sha512-c9d9DpYoLe6zlHewrwVgfcBVTeo9LuFT7KBICeIKIxggifBCLoOaYz4jkZuh1dz6j5h9Fz6rOrrA9YnXbUBLDw==",
      "dependencies": {
        "cnchar-types": "^3.2.6"
      }
    },
    "node_modules/cnchar-random": {
      "version": "3.2.6",
      "resolved": "https://registry.npmjs.org/cnchar-random/-/cnchar-random-3.2.6.tgz",
      "integrity": "sha512-gYCWuG1LWjkSF5gvV9+852gB8GeesSHIfR0+kPdc5eHnujvcenyCvA2t10oCJ5kjltn4AJIigvkshDf7xMqS/w==",
      "dependencies": {
        "cnchar-types": "^3.2.6"
      }
    },
    "node_modules/cnchar-trad": {
      "version": "3.2.6",
      "resolved": "https://registry.npmjs.org/cnchar-trad/-/cnchar-trad-3.2.6.tgz",
      "integrity": "sha512-xdQUwd+W7j4i4vD1c6ykgwuzNExBZrakrmi/5c6ODclyGgEb7QcBKGta7v9WewNhauLHUkTpeMR4AERoBhs3NQ==",
      "dependencies": {
        "cnchar-types": "^3.2.6"
      }
    },
    "node_modules/cnchar-types": {
      "version": "3.2.6",
      "resolved": "https://registry.npmjs.org/cnchar-types/-/cnchar-types-3.2.6.tgz",
      "integrity": "sha512-LGU2ss7KcsI1Psme73+jffUX0ZDuChr6P9Rj2j8lynJHStklNpoC/+kheKSSUcXQ1u2KNvZt1Shs/5efcihHkg=="
    },
    "node_modules/cnchar-voice": {
      "version": "3.2.6",
      "resolved": "https://registry.npmjs.org/cnchar-voice/-/cnchar-voice-3.2.6.tgz",
      "integrity": "sha512-fS/NUsjsA3cGff6jrs4LajyeE/JP+6adnWrE/LNQDZwDy4JCmP8YdZUs/l8jbT7q31gHI7OOQfVSkHyU7dZfIw==",
      "dependencies": {
        "cnchar-types": "^3.2.6"
      }
    },
    "node_modules/cnchar-words": {
      "version": "3.2.6",
      "resolved": "https://registry.npmjs.org/cnchar-words/-/cnchar-words-3.2.6.tgz",
      "integrity": "sha512-g0FPLbaUaWxvUH/L2dHsQiWqvghwtfRWP+yCGDLWijza2MT6ET8GP8+dNbqYVmnSU02yUTlR7X1sUY5pckzL0Q==",
      "dependencies": {
        "cnchar-types": "^3.2.6"
      }
    },
    "node_modules/cnchar-xhy": {
      "version": "3.2.6",
      "resolved": "https://registry.npmjs.org/cnchar-xhy/-/cnchar-xhy-3.2.6.tgz",
      "integrity": "sha512-GjSVfutaLDJGIB6s5MSPHK6Z9eY5Pf7QyVbgxR7dRFMkxJWEZvAEt2SYww7gpP51B2/NO+Q85oUX+S0uR8FU5Q==",
      "dependencies": {
        "cnchar-types": "^3.2.6"
      }
    },
    "node_modules/hanzi-writer": {
      "version": "3.7.0",
      "resolved": "https://registry.npmjs.org/hanzi-writer/-/hanzi-writer-3.7.0.tgz",
      "integrity": "sha512-MfX6VvGoSNzj5BhR3QqAcBKAlkWecPAUKc+LRTh2nViQ1mpcTz4iLQrSDG1j+KFTxIWL8FjnmXTvvAhQv4nGrw=="
    },
    "node_modules/undici-types": {
      "version": "6.19.8",
      "resolved": "https://registry.npmjs.org/undici-types/-/undici-types-6.19.8.tgz",
      "integrity": "sha512-ve2KP6f/JnbPBFyobGHuerC9g1FYGn/F8n1LWTwNxCEzd6IfqTwUQcNXgEtmmQ6DlRrC1hrSrBnCZPokRrDHjw==",
      "dev": true
    }
  }
}
